
Microsoft Visual Studio Solution File, Format Version 12.00
# Visual Studio Version 17
VisualStudioVersion = 17.0.31903.59
MinimumVisualStudioVersion = 10.0.40219.1
Project("{9A19103F-16F7-4668-BE54-9A1E7A4F7556}") = "InvoiceGenerator", "InvoiceGenerator\InvoiceGenerator.csproj", "{8E02B529-8A37-4FF6-B086-6E2EB0294D35}"
EndProject
Global
	GlobalSection(SolutionConfigurationPlatforms) = preSolution
		Debug|Any CPU = Debug|Any CPU
		Release|Any CPU = Release|Any CPU
	EndGlobalSection
	GlobalSection(ProjectConfigurationPlatforms) = postSolution
		{8E02B529-8A37-4FF6-B086-6E2EB0294D35}.Debug|Any CPU.ActiveCfg = Debug|Any CPU
		{8E02B529-8A37-4FF6-B086-6E2EB0294D35}.Debug|Any CPU.Build.0 = Debug|Any CPU
		{8E02B529-8A37-4FF6-B086-6E2EB0294D35}.Release|Any CPU.ActiveCfg = Release|Any CPU
		{8E02B529-8A37-4FF6-B086-6E2EB0294D35}.Release|Any CPU.Build.0 = Release|Any CPU
	EndGlobalSection
	GlobalSection(SolutionProperties) = preSolution
		HideSolutionNode = FALSE
	EndGlobalSection
EndGlobal
